
Microsoft Visual Studio Solution File, Format Version 12.00
# Visual Studio 14
VisualStudioVersion = 14.0.23107.0
MinimumVisualStudioVersion = 10.0.40219.1
Project("{FAE04EC0-301F-11D3-BF4B-00C04F79EFBC}") = "SimpleAutomation.Tests", "SimpleAutomation.Tests\SimpleAutomation.Tests.csproj", "{D387F53B-AA86-4C28-B59F-3E994EC7B7E6}"
EndProject
Project("{FAE04EC0-301F-11D3-BF4B-00C04F79EFBC}") = "SimpleAutomation.Tests.Library", "SimpleAutomation.Library\SimpleAutomation.Tests.Library.csproj", "{BAA64523-365C-4A26-BD17-A9B15666DE00}"
EndProject
Global
	GlobalSection(SolutionConfigurationPlatforms) = preSolution
		Debug|Any CPU = Debug|Any CPU
		Release|Any CPU = Release|Any CPU
	EndGlobalSection
	GlobalSection(ProjectConfigurationPlatforms) = postSolution
		{D387F53B-AA86-4C28-B59F-3E994EC7B7E6}.Debug|Any CPU.ActiveCfg = Debug|Any CPU
		{D387F53B-AA86-4C28-B59F-3E994EC7B7E6}.Debug|Any CPU.Build.0 = Debug|Any CPU
		{D387F53B-AA86-4C28-B59F-3E994EC7B7E6}.Release|Any CPU.ActiveCfg = Release|Any CPU
		{D387F53B-AA86-4C28-B59F-3E994EC7B7E6}.Release|Any CPU.Build.0 = Release|Any CPU
		{BAA64523-365C-4A26-BD17-A9B15666DE00}.Debug|Any CPU.ActiveCfg = Debug|Any CPU
		{BAA64523-365C-4A26-BD17-A9B15666DE00}.Debug|Any CPU.Build.0 = Debug|Any CPU
		{BAA64523-365C-4A26-BD17-A9B15666DE00}.Release|Any CPU.ActiveCfg = Release|Any CPU
		{BAA64523-365C-4A26-BD17-A9B15666DE00}.Release|Any CPU.Build.0 = Release|Any CPU
	EndGlobalSection
	GlobalSection(SolutionProperties) = preSolution
		HideSolutionNode = FALSE
	EndGlobalSection
EndGlobal
